
Microsoft Visual Studio Solution File, Format Version 12.00
# Visual Studio Version 17
VisualStudioVersion = 17.0.31919.166
MinimumVisualStudioVersion = 10.0.40219.1
Project("{FAE04EC0-301F-11D3-BF4B-00C04F79EFBC}") = "AutoGerkin5", "AutoGerkin5\AutoGerkin5.csproj", "{6221DC30-5BE5-4D2A-AF4A-E079CA2CB6A6}"
EndProject
Global
	GlobalSection(SolutionConfigurationPlatforms) = preSolution
		Debug|Any CPU = Debug|Any CPU
		Release|Any CPU = Release|Any CPU
	EndGlobalSection
	GlobalSection(ProjectConfigurationPlatforms) = postSolution
		{6221DC30-5BE5-4D2A-AF4A-E079CA2CB6A6}.Debug|Any CPU.ActiveCfg = Debug|Any CPU
		{6221DC30-5BE5-4D2A-AF4A-E079CA2CB6A6}.Debug|Any CPU.Build.0 = Debug|Any CPU
		{6221DC30-5BE5-4D2A-AF4A-E079CA2CB6A6}.Release|Any CPU.ActiveCfg = Release|Any CPU
		{6221DC30-5BE5-4D2A-AF4A-E079CA2CB6A6}.Release|Any CPU.Build.0 = Release|Any CPU
	EndGlobalSection
	GlobalSection(SolutionProperties) = preSolution
		HideSolutionNode = FALSE
	EndGlobalSection
	GlobalSection(ExtensibilityGlobals) = postSolution
		SolutionGuid = {DE6F5487-BA4B-49B1-A2B0-3E83F3E15653}
	EndGlobalSection
EndGlobal
